
Microsoft Visual Studio Solution File, Format Version 12.00
# Visual Studio Version 16
VisualStudioVersion = 16.0.31205.134
MinimumVisualStudioVersion = 10.0.40219.1
Project("{FAE04EC0-301F-11D3-BF4B-00C04F79EFBC}") = "SomeServices", "SomeServices.csproj", "{2CBD8B81-6518-45B2-955D-BE2B9A762C12}"
EndProject
Global
	GlobalSection(SolutionConfigurationPlatforms) = preSolution
		Debug|Any CPU = Debug|Any CPU
		Release|Any CPU = Release|Any CPU
	EndGlobalSection
	GlobalSection(ProjectConfigurationPlatforms) = postSolution
		{2CBD8B81-6518-45B2-955D-BE2B9A762C12}.Debug|Any CPU.ActiveCfg = Debug|Any CPU
		{2CBD8B81-6518-45B2-955D-BE2B9A762C12}.Debug|Any CPU.Build.0 = Debug|Any CPU
		{2CBD8B81-6518-45B2-955D-BE2B9A762C12}.Release|Any CPU.ActiveCfg = Release|Any CPU
		{2CBD8B81-6518-45B2-955D-BE2B9A762C12}.Release|Any CPU.Build.0 = Release|Any CPU
	EndGlobalSection
	GlobalSection(SolutionProperties) = preSolution
		HideSolutionNode = FALSE
	EndGlobalSection
	GlobalSection(ExtensibilityGlobals) = postSolution
		SolutionGuid = {CDD2DCCA-0178-4E61-AD55-D48D376ACA62}
	EndGlobalSection
EndGlobal
